Microsoft Visual Studio Solution File, Format Version 12.00
# Visual Studio 2012
Project("{FAE04EC0-301F-11D3-BF4B-00C04F79EFBC}") = "sudoku", "sudoku.csproj", "{C2DB4DC8-8712-4884-A0FF-23F12C21244E}"
EndProject
Global
	GlobalSection(SolutionConfigurationPlatforms) = preSolution
	Debug|Any CPU = Debug|Any CPU
	ExportDebug|Any CPU = ExportDebug|Any CPU
	ExportRelease|Any CPU = ExportRelease|Any CPU
	EndGlobalSection
	GlobalSection(ProjectConfigurationPlatforms) = postSolution
		{C2DB4DC8-8712-4884-A0FF-23F12C21244E}.Debug|Any CPU.ActiveCfg = Debug|Any CPU
		{C2DB4DC8-8712-4884-A0FF-23F12C21244E}.Debug|Any CPU.Build.0 = Debug|Any CPU
		{C2DB4DC8-8712-4884-A0FF-23F12C21244E}.ExportDebug|Any CPU.ActiveCfg = ExportDebug|Any CPU
		{C2DB4DC8-8712-4884-A0FF-23F12C21244E}.ExportDebug|Any CPU.Build.0 = ExportDebug|Any CPU
		{C2DB4DC8-8712-4884-A0FF-23F12C21244E}.ExportRelease|Any CPU.ActiveCfg = ExportRelease|Any CPU
		{C2DB4DC8-8712-4884-A0FF-23F12C21244E}.ExportRelease|Any CPU.Build.0 = ExportRelease|Any CPU
	EndGlobalSection
EndGlobal
